
Microsoft Visual Studio Solution File, Format Version 12.00
# Visual Studio Version 17
VisualStudioVersion = 17.9.34902.65
MinimumVisualStudioVersion = 10.0.40219.1
Project("{FAE04EC0-301F-11D3-BF4B-00C04F79EFBC}") = "WpfEventsApp", "WpfEventsApp\WpfEventsApp.csproj", "{2EBBE7B0-EDB1-4575-9765-5839FD5C7270}"
EndProject
Global
	GlobalSection(SolutionConfigurationPlatforms) = preSolution
		Debug|Any CPU = Debug|Any CPU
		Release|Any CPU = Release|Any CPU
	EndGlobalSection
	GlobalSection(ProjectConfigurationPlatforms) = postSolution
		{2EBBE7B0-EDB1-4575-9765-5839FD5C7270}.Debug|Any CPU.ActiveCfg = Debug|Any CPU
		{2EBBE7B0-EDB1-4575-9765-5839FD5C7270}.Debug|Any CPU.Build.0 = Debug|Any CPU
		{2EBBE7B0-EDB1-4575-9765-5839FD5C7270}.Release|Any CPU.ActiveCfg = Release|Any CPU
		{2EBBE7B0-EDB1-4575-9765-5839FD5C7270}.Release|Any CPU.Build.0 = Release|Any CPU
	EndGlobalSection
	GlobalSection(SolutionProperties) = preSolution
		HideSolutionNode = FALSE
	EndGlobalSection
	GlobalSection(ExtensibilityGlobals) = postSolution
		SolutionGuid = {77CF4B59-057C-496D-9415-D84FA7162DA2}
	EndGlobalSection
EndGlobal
